
Microsoft Visual Studio Solution File, Format Version 12.00
# Visual Studio Version 17
VisualStudioVersion = 17.13.35818.85
MinimumVisualStudioVersion = 10.0.40219.1
Project("{FAE04EC0-301F-11D3-BF4B-00C04F79EFBC}") = "RestaurantMVCViewer", "Restaurant_Homework_10_11\RestaurantMVCViewer.csproj", "{0F4F7EC8-9E33-4D17-8C6D-543E082D988E}"
EndProject
Global
	GlobalSection(SolutionConfigurationPlatforms) = preSolution
		Debug|Any CPU = Debug|Any CPU
		Release|Any CPU = Release|Any CPU
	EndGlobalSection
	GlobalSection(ProjectConfigurationPlatforms) = postSolution
		{0F4F7EC8-9E33-4D17-8C6D-543E082D988E}.Debug|Any CPU.ActiveCfg = Debug|Any CPU
		{0F4F7EC8-9E33-4D17-8C6D-543E082D988E}.Debug|Any CPU.Build.0 = Debug|Any CPU
		{0F4F7EC8-9E33-4D17-8C6D-543E082D988E}.Release|Any CPU.ActiveCfg = Release|Any CPU
		{0F4F7EC8-9E33-4D17-8C6D-543E082D988E}.Release|Any CPU.Build.0 = Release|Any CPU
	EndGlobalSection
	GlobalSection(SolutionProperties) = preSolution
		HideSolutionNode = FALSE
	EndGlobalSection
	GlobalSection(ExtensibilityGlobals) = postSolution
		SolutionGuid = {CE99B20C-15AF-48F8-BBCD-5B6C52AAA8B4}
	EndGlobalSection
EndGlobal
